
Microsoft Visual Studio Solution File, Format Version 12.00
# Visual Studio Version 17
VisualStudioVersion = 17.3.32929.385
MinimumVisualStudioVersion = 10.0.40219.1
Project("{FAE04EC0-301F-11D3-BF4B-00C04F79EFBC}") = "YurtOtamasyonProjesi", "YurtOtamasyonProjesi\YurtOtamasyonProjesi.csproj", "{658FDDFA-BA3A-4ECD-A6DF-4C7E6CC9D160}"
EndProject
Project("{54435603-DBB4-11D2-8724-00A0C9A8B90C}") = "Setup11", "Setup11\Setup11.vdproj", "{187927F7-7608-4480-A77D-9B49C9FCB93D}"
EndProject
Global
	GlobalSection(SolutionConfigurationPlatforms) = preSolution
		Debug|Any CPU = Debug|Any CPU
		Release|Any CPU = Release|Any CPU
	EndGlobalSection
	GlobalSection(ProjectConfigurationPlatforms) = postSolution
		{658FDDFA-BA3A-4ECD-A6DF-4C7E6CC9D160}.Debug|Any CPU.ActiveCfg = Debug|Any CPU
		{658FDDFA-BA3A-4ECD-A6DF-4C7E6CC9D160}.Debug|Any CPU.Build.0 = Debug|Any CPU
		{658FDDFA-BA3A-4ECD-A6DF-4C7E6CC9D160}.Release|Any CPU.ActiveCfg = Release|Any CPU
		{658FDDFA-BA3A-4ECD-A6DF-4C7E6CC9D160}.Release|Any CPU.Build.0 = Release|Any CPU
		{187927F7-7608-4480-A77D-9B49C9FCB93D}.Debug|Any CPU.ActiveCfg = Debug
		{187927F7-7608-4480-A77D-9B49C9FCB93D}.Release|Any CPU.ActiveCfg = Release
	EndGlobalSection
	GlobalSection(SolutionProperties) = preSolution
		HideSolutionNode = FALSE
	EndGlobalSection
	GlobalSection(ExtensibilityGlobals) = postSolution
		SolutionGuid = {125957B7-EC52-4037-AE98-853F01992093}
	EndGlobalSection
EndGlobal
